schema: '2.0'
stages:
  data_ingestion:
    cmd: python src/CNNClassifier/pipeline/stage_01_data_ingestion.py
    deps:
    - path: config/config.yaml
      hash: md5
      md5: 24bc6ccd5a539a8b5dfe2635e796ea95
      size: 808
    - path: src/CNNClassifier/pipeline/stage_01_data_ingestion.py
      hash: md5
      md5: 9b3cf77cff43aaa671d8617f56609b1a
      size: 910
    outs:
    - path: artifacts/data_ingestion/Chicken-fecal-images
      hash: md5
      md5: 9e1f8dd2eae3c29e9d635df89d438ae4.dir
      size: 12207807
      nfiles: 390
  prepare_base_model:
    cmd: python src/CNNClassifier/pipeline/stage_02_prepare_base_model.py
    deps:
    - path: config/config.yaml
      hash: md5
      md5: 24bc6ccd5a539a8b5dfe2635e796ea95
      size: 808
    - path: src/CNNClassifier/pipeline/stage_02_prepare_base_model.py
      hash: md5
      md5: 1d28fa9fead4622d721bddb9d1ba15f8
      size: 991
    params:
      params.yaml:
        CLASSES: 2
        IMAGE_SIZE:
        - 224
        - 224
        - 3
        INCLUDE_TOP: false
        LEARNING_RATE: 0.01
        WEIGHTS: imagenet
    outs:
    - path: artifacts/prepare_base_model
      hash: md5
      md5: 66dec8da0dde1b4cdbf27dcfedde7a86.dir
      size: 118073464
      nfiles: 2
  training:
    cmd: python src/CNNClassifier/pipeline/stage_03_training.py
    deps:
    - path: artifacts/data_ingestion/Chicken-fecal-images
      hash: md5
      md5: 9e1f8dd2eae3c29e9d635df89d438ae4.dir
      size: 12207807
      nfiles: 390
    - path: artifacts/prepare_base_model
      hash: md5
      md5: 66dec8da0dde1b4cdbf27dcfedde7a86.dir
      size: 118073464
      nfiles: 2
    - path: config/config.yaml
      hash: md5
      md5: 24bc6ccd5a539a8b5dfe2635e796ea95
      size: 808
    - path: src/CNNClassifier/components/prepare_callbacks.py
      hash: md5
      md5: 28727d60d3ffbcfa42dc72b37a3d23c0
      size: 1006
    - path: src/CNNClassifier/pipeline/stage_03_training.py
      hash: md5
      md5: 732dfdb2d08002acb27e708fce39fd93
      size: 1266
    params:
      params.yaml:
        AUGMENTATION: true
        BATCH_SIZE: 16
        EPOCHS: 1
        IMAGE_SIZE:
        - 224
        - 224
        - 3
    outs:
    - path: artifacts/training/model.h5
      hash: md5
      md5: c8b4ac522f1e0b4587eb4def712e2524
      size: 59551208
  evaluation:
    cmd: python src/CNNClassifier/pipeline/stage_04_model_evaluation.py
    deps:
    - path: artifacts/data_ingestion/Chicken-fecal-images
      hash: md5
      md5: 9e1f8dd2eae3c29e9d635df89d438ae4.dir
      size: 12207807
      nfiles: 390
    - path: artifacts/training/model.h5
      hash: md5
      md5: c8b4ac522f1e0b4587eb4def712e2524
      size: 59551208
    - path: config/config.yaml
      hash: md5
      md5: 24bc6ccd5a539a8b5dfe2635e796ea95
      size: 808
    - path: src/CNNClassifier/pipeline/stage_04_model_evaluation.py
      hash: md5
      md5: 1c16fb297960ee4e00c8d0f7fcbd6d02
      size: 889
    params:
      params.yaml:
        BATCH_SIZE: 16
        IMAGE_SIZE:
        - 224
        - 224
        - 3
    outs:
    - path: scores.json
      hash: md5
      md5: 414b80f9b4f0756cc0ccfb384e310923
      size: 74
